
Microsoft Visual Studio Solution File, Format Version 12.00
# Visual Studio Version 16
VisualStudioVersion = 16.0.30621.155
MinimumVisualStudioVersion = 10.0.40219.1
Project("{FAE04EC0-301F-11D3-BF4B-00C04F79EFBC}") = "BIS4", "BIS4\BIS4.csproj", "{83D14437-CDF3-4B8D-A3DB-CA4760A4C8C3}"
EndProject
Global
	GlobalSection(SolutionConfigurationPlatforms) = preSolution
		Debug|Any CPU = Debug|Any CPU
		Release|Any CPU = Release|Any CPU
	EndGlobalSection
	GlobalSection(ProjectConfigurationPlatforms) = postSolution
		{83D14437-CDF3-4B8D-A3DB-CA4760A4C8C3}.Debug|Any CPU.ActiveCfg = Debug|Any CPU
		{83D14437-CDF3-4B8D-A3DB-CA4760A4C8C3}.Debug|Any CPU.Build.0 = Debug|Any CPU
		{83D14437-CDF3-4B8D-A3DB-CA4760A4C8C3}.Release|Any CPU.ActiveCfg = Release|Any CPU
		{83D14437-CDF3-4B8D-A3DB-CA4760A4C8C3}.Release|Any CPU.Build.0 = Release|Any CPU
	EndGlobalSection
	GlobalSection(SolutionProperties) = preSolution
		HideSolutionNode = FALSE
	EndGlobalSection
	GlobalSection(ExtensibilityGlobals) = postSolution
		SolutionGuid = {DF38C493-383E-4729-8BD8-1A6B21BB5358}
	EndGlobalSection
EndGlobal
